
Microsoft Visual Studio Solution File, Format Version 12.00
# Visual Studio Version 17
VisualStudioVersion = 17.9.34723.18
MinimumVisualStudioVersion = 10.0.40219.1
Project("{9A19103F-16F7-4668-BE54-9A1E7A4F7556}") = "Metadata", "Metadata\Metadata.csproj", "{F454E2C6-16DA-48E6-BFEF-B5B235325C96}"
EndProject
Project("{9A19103F-16F7-4668-BE54-9A1E7A4F7556}") = "Metadata.Reader", "Metadata.Reader\Metadata.Reader.csproj", "{14223A9D-4555-4A6D-B295-156A4C2BCC0F}"
EndProject
Project("{9A19103F-16F7-4668-BE54-9A1E7A4F7556}") = "Metadata.Reader.Cli", "Metadata.Reader.Cli\Metadata.Reader.Cli.csproj", "{77F936FC-468B-4323-B6D3-8AB9A339D571}"
EndProject
Project("{FAE04EC0-301F-11D3-BF4B-00C04F79EFBC}") = "Metadata.Reader.Tests", "Metadata.Reader.Tests\Metadata.Reader.Tests.csproj", "{A5443221-EC8E-405F-A43F-AD2793BC5A5F}"
EndProject
Global
	GlobalSection(SolutionConfigurationPlatforms) = preSolution
		Debug|Any CPU = Debug|Any CPU
		Release|Any CPU = Release|Any CPU
	EndGlobalSection
	GlobalSection(ProjectConfigurationPlatforms) = postSolution
		{F454E2C6-16DA-48E6-BFEF-B5B235325C96}.Debug|Any CPU.ActiveCfg = Debug|Any CPU
		{F454E2C6-16DA-48E6-BFEF-B5B235325C96}.Debug|Any CPU.Build.0 = Debug|Any CPU
		{F454E2C6-16DA-48E6-BFEF-B5B235325C96}.Release|Any CPU.ActiveCfg = Release|Any CPU
		{F454E2C6-16DA-48E6-BFEF-B5B235325C96}.Release|Any CPU.Build.0 = Release|Any CPU
		{14223A9D-4555-4A6D-B295-156A4C2BCC0F}.Debug|Any CPU.ActiveCfg = Debug|Any CPU
		{14223A9D-4555-4A6D-B295-156A4C2BCC0F}.Debug|Any CPU.Build.0 = Debug|Any CPU
		{14223A9D-4555-4A6D-B295-156A4C2BCC0F}.Release|Any CPU.ActiveCfg = Release|Any CPU
		{14223A9D-4555-4A6D-B295-156A4C2BCC0F}.Release|Any CPU.Build.0 = Release|Any CPU
		{77F936FC-468B-4323-B6D3-8AB9A339D571}.Debug|Any CPU.ActiveCfg = Debug|Any CPU
		{77F936FC-468B-4323-B6D3-8AB9A339D571}.Debug|Any CPU.Build.0 = Debug|Any CPU
		{77F936FC-468B-4323-B6D3-8AB9A339D571}.Release|Any CPU.ActiveCfg = Release|Any CPU
		{77F936FC-468B-4323-B6D3-8AB9A339D571}.Release|Any CPU.Build.0 = Release|Any CPU
		{A5443221-EC8E-405F-A43F-AD2793BC5A5F}.Debug|Any CPU.ActiveCfg = Debug|Any CPU
		{A5443221-EC8E-405F-A43F-AD2793BC5A5F}.Debug|Any CPU.Build.0 = Debug|Any CPU
		{A5443221-EC8E-405F-A43F-AD2793BC5A5F}.Release|Any CPU.ActiveCfg = Release|Any CPU
		{A5443221-EC8E-405F-A43F-AD2793BC5A5F}.Release|Any CPU.Build.0 = Release|Any CPU
	EndGlobalSection
	GlobalSection(SolutionProperties) = preSolution
		HideSolutionNode = FALSE
	EndGlobalSection
	GlobalSection(ExtensibilityGlobals) = postSolution
		SolutionGuid = {0D39A416-7BEC-4DC6-BD2F-3BC5F3CC2059}
	EndGlobalSection
EndGlobal
